{
  "object": {
    "pins": [
      {
        "package": "CloudKitMagicCRUD",
        "repositoryURL": "https://github.com/rvenieris/CloudKitMagicCRUD",
        "state": {
          "branch": "master",
          "revision": "cdd112f5d16d2d1a3b089c23d7b7a673e33447c3",
          "version": null
        }
      }
    ]
  },
  "version": 1
}
