// !$*UTF8*$!
{
	archiveVersion = 1;
	classes = {
	};
	objectVersion = 52;
	objects = {

/* Begin PBXBuildFile section */
		7115538225780B450068C0E1 /* FavoritesViewController.swift in Sources */ = {isa = PBXBuildFile; fileRef = 7115538125780B450068C0E1 /* FavoritesViewController.swift */; };
		711553902578126A0068C0E1 /* FavoritesCell.swift in Sources */ = {isa = PBXBuildFile; fileRef = 7115538F2578126A0068C0E1 /* FavoritesCell.swift */; };
		713367722541F2A5005919E8 /* CatalogueViewController.swift in Sources */ = {isa = PBXBuildFile; fileRef = 713367712541F2A5005919E8 /* CatalogueViewController.swift */; };
		7133677C2541F4A9005919E8 /* CarouselItemView.swift in Sources */ = {isa = PBXBuildFile; fileRef = 7133677B2541F4A9005919E8 /* CarouselItemView.swift */; };
		716A0E0625B61A9A00BDB23C /* CatalogueViewController2.swift in Sources */ = {isa = PBXBuildFile; fileRef = 716A0E0525B61A9A00BDB23C /* CatalogueViewController2.swift */; };
		716A0E0E25B76BA000BDB23C /* MovieDetailsViewController2.swift in Sources */ = {isa = PBXBuildFile; fileRef = 716A0E0D25B76BA000BDB23C /* MovieDetailsViewController2.swift */; };
		716A0E1325B781AB00BDB23C /* HeaderTableViewCell2.swift in Sources */ = {isa = PBXBuildFile; fileRef = 716A0E1225B781AB00BDB23C /* HeaderTableViewCell2.swift */; };
		716A0E1825B7846D00BDB23C /* OverviewTableViewCell2.swift in Sources */ = {isa = PBXBuildFile; fileRef = 716A0E1725B7846D00BDB23C /* OverviewTableViewCell2.swift */; };
		716A0E1D25B7866E00BDB23C /* TagsTableViewCell2.swift in Sources */ = {isa = PBXBuildFile; fileRef = 716A0E1C25B7866E00BDB23C /* TagsTableViewCell2.swift */; };
		716A0E2225B786A100BDB23C /* CastListTableViewCell2.swift in Sources */ = {isa = PBXBuildFile; fileRef = 716A0E2125B786A100BDB23C /* CastListTableViewCell2.swift */; };
		716A0E3025BA07B900BDB23C /* InsideTagsCollectionViewCell2.swift in Sources */ = {isa = PBXBuildFile; fileRef = 716A0E2F25BA07B900BDB23C /* InsideTagsCollectionViewCell2.swift */; };
		7184A569255B4D180078CDBA /* CarouselTagCell.swift in Sources */ = {isa = PBXBuildFile; fileRef = 7184A568255B4D180078CDBA /* CarouselTagCell.swift */; };
		71EA479F255320630072A74A /* OBItem.xib in Resources */ = {isa = PBXBuildFile; fileRef = 71EA479E255320630072A74A /* OBItem.xib */; };
		71EA47A4255321BA0072A74A /* OBItem.swift in Sources */ = {isa = PBXBuildFile; fileRef = 71EA47A3255321BA0072A74A /* OBItem.swift */; };
		71EA47A9255323AC0072A74A /* OBPageViewController.swift in Sources */ = {isa = PBXBuildFile; fileRef = 71EA47A8255323AC0072A74A /* OBPageViewController.swift */; };
		71EA47B425533F660072A74A /* OBViewController.swift in Sources */ = {isa = PBXBuildFile; fileRef = 71EA47B325533F660072A74A /* OBViewController.swift */; };
		71FD85AE25C1F2FF00FC7D9E /* CastCVCell2.swift in Sources */ = {isa = PBXBuildFile; fileRef = 71FD85AD25C1F2FF00FC7D9E /* CastCVCell2.swift */; };
		CF033A3125642EF900740FC9 /* CloudKitViewController.swift in Sources */ = {isa = PBXBuildFile; fileRef = CF033A3025642EF900740FC9 /* CloudKitViewController.swift */; };
		CF09B0092562E3AA00645FAC /* ShareImage.swift in Sources */ = {isa = PBXBuildFile; fileRef = CF09B0082562E3AA00645FAC /* ShareImage.swift */; };
		CF12DB15257BEDE9009DFDD8 /* TabBarController.swift in Sources */ = {isa = PBXBuildFile; fileRef = CF12DB14257BEDE9009DFDD8 /* TabBarController.swift */; };
		CF1337ED254B297E00B377C6 /* AboutAppViewController.swift in Sources */ = {isa = PBXBuildFile; fileRef = CF1337EC254B297E00B377C6 /* AboutAppViewController.swift */; };
		CF1BDE6D2540A98A002FA236 /* CloudKit.framework in Frameworks */ = {isa = PBXBuildFile; fileRef = CF1BDE6C2540A98A002FA236 /* CloudKit.framework */; };
		CF1BDE702540AC4C002FA236 /* CloudKitMagicCRUD in Frameworks */ = {isa = PBXBuildFile; productRef = CF1BDE6F2540AC4C002FA236 /* CloudKitMagicCRUD */; };
		CF1BDE752540B0BD002FA236 /* Tag.swift in Sources */ = {isa = PBXBuildFile; fileRef = CF1BDE742540B0BD002FA236 /* Tag.swift */; };
		CF34286E257ABB7000B94443 /* Color.swift in Sources */ = {isa = PBXBuildFile; fileRef = CF34286D257ABB7000B94443 /* Color.swift */; };
		CF38469725814AED0057C004 /* ActivityController.swift in Sources */ = {isa = PBXBuildFile; fileRef = CF38469625814AED0057C004 /* ActivityController.swift */; };
		CF3D56D62576C4080014B8D5 /* NavigationBar.swift in Sources */ = {isa = PBXBuildFile; fileRef = CF3D56D52576C4080014B8D5 /* NavigationBar.swift */; };
		CF424FA325462EFB00C85A37 /* TagButton.swift in Sources */ = {isa = PBXBuildFile; fileRef = CF424FA225462EFB00C85A37 /* TagButton.swift */; };
		CF424FA82546352000C85A37 /* ChooseTagsCollectionViewCell.swift in Sources */ = {isa = PBXBuildFile; fileRef = CF424FA72546352000C85A37 /* ChooseTagsCollectionViewCell.swift */; };
		CF428AC1254B30DF00DD25A5 /* AboutDetailsVC.swift in Sources */ = {isa = PBXBuildFile; fileRef = CF428AC0254B30DF00DD25A5 /* AboutDetailsVC.swift */; };
		CF42BDB125545B1E00A84447 /* OnBoarding.storyboard in Resources */ = {isa = PBXBuildFile; fileRef = CF42BDB325545B1E00A84447 /* OnBoarding.storyboard */; };
		CF48B04F25605E8D00A5D1AB /* Constants.swift in Sources */ = {isa = PBXBuildFile; fileRef = CF48B04E25605E8D00A5D1AB /* Constants.swift */; };
		CF48B05425605FC800A5D1AB /* Alert.swift in Sources */ = {isa = PBXBuildFile; fileRef = CF48B05325605FC800A5D1AB /* Alert.swift */; };
		CF5811F225755F02001C08BD /* SearchViewController.swift in Sources */ = {isa = PBXBuildFile; fileRef = CF5811F125755F02001C08BD /* SearchViewController.swift */; };
		CF58120B25757791001C08BD /* SearchTableViewCell.swift in Sources */ = {isa = PBXBuildFile; fileRef = CF58120A25757791001C08BD /* SearchTableViewCell.swift */; };
		CF5A8640255C736200DDE395 /* AboutDevTeamCollectionViewCell.swift in Sources */ = {isa = PBXBuildFile; fileRef = CF5A863F255C736200DDE395 /* AboutDevTeamCollectionViewCell.swift */; };
		CF5A8648255C762E00DDE395 /* AboutDevTeamVC.swift in Sources */ = {isa = PBXBuildFile; fileRef = CF5A8647255C762E00DDE395 /* AboutDevTeamVC.swift */; };
		CF5F1E0D25C077F0001F76CD /* UIImageColors.swift in Sources */ = {isa = PBXBuildFile; fileRef = CF5F1E0C25C077F0001F76CD /* UIImageColors.swift */; };
		CF5F1E1225C07C7F001F76CD /* HomeViewController.swift in Sources */ = {isa = PBXBuildFile; fileRef = CF5F1E1125C07C7F001F76CD /* HomeViewController.swift */; };
		CF5F1E1725C07E89001F76CD /* HeaderHomeTableViewCell.swift in Sources */ = {isa = PBXBuildFile; fileRef = CF5F1E1625C07E89001F76CD /* HeaderHomeTableViewCell.swift */; };
		CF5F1E1C25C090AC001F76CD /* MovieListTableViewCell.swift in Sources */ = {isa = PBXBuildFile; fileRef = CF5F1E1B25C090AC001F76CD /* MovieListTableViewCell.swift */; };
		CF5F1E2125C091B4001F76CD /* MovieItemCollectionViewCell.swift in Sources */ = {isa = PBXBuildFile; fileRef = CF5F1E2025C091B4001F76CD /* MovieItemCollectionViewCell.swift */; };
		CF72DC44257A492300D8E252 /* Favorites.swift in Sources */ = {isa = PBXBuildFile; fileRef = CF72DC43257A492300D8E252 /* Favorites.swift */; };
		CF79537B255EBD3100AEF5A8 /* Haptic.swift in Sources */ = {isa = PBXBuildFile; fileRef = CF79537A255EBD3100AEF5A8 /* Haptic.swift */; };
		CF846D7D25422E9000BBC7D3 /* Question.swift in Sources */ = {isa = PBXBuildFile; fileRef = CF846D7C25422E9000BBC7D3 /* Question.swift */; };
		CF846D8B2543504A00BBC7D3 /* TagVotes.swift in Sources */ = {isa = PBXBuildFile; fileRef = CF846D8A2543504A00BBC7D3 /* TagVotes.swift */; };
		CF846D90254350C700BBC7D3 /* MyMovies.swift in Sources */ = {isa = PBXBuildFile; fileRef = CF846D8F254350C700BBC7D3 /* MyMovies.swift */; };
		CF846DAF2543955E00BBC7D3 /* MoviesCollectionViewCell.swift in Sources */ = {isa = PBXBuildFile; fileRef = CF846DAD2543955E00BBC7D3 /* MoviesCollectionViewCell.swift */; };
		CF846DB02543955E00BBC7D3 /* MovieDetailsViewController.swift in Sources */ = {isa = PBXBuildFile; fileRef = CF846DAE2543955E00BBC7D3 /* MovieDetailsViewController.swift */; };
		CF907E22253F308100124BB5 /* DAO.swift in Sources */ = {isa = PBXBuildFile; fileRef = CF907E21253F308100124BB5 /* DAO.swift */; };
		CF9ACCE12548923700AA4F33 /* MovieLoadingDetailState.swift in Sources */ = {isa = PBXBuildFile; fileRef = CF9ACCE02548923700AA4F33 /* MovieLoadingDetailState.swift */; };
		CF9ACCE92548AAD000AA4F33 /* AboutBechdelTestVC.swift in Sources */ = {isa = PBXBuildFile; fileRef = CF9ACCE82548AAD000AA4F33 /* AboutBechdelTestVC.swift */; };
		CFAE47B52541CB8700244D74 /* Buttons.swift in Sources */ = {isa = PBXBuildFile; fileRef = CFAE47B42541CB8700244D74 /* Buttons.swift */; };
		CFAE47BE2541CE7900244D74 /* Images.swift in Sources */ = {isa = PBXBuildFile; fileRef = CFAE47BD2541CE7900244D74 /* Images.swift */; };
		CFAE47DF2541FE3700244D74 /* BechdelTestViewController.swift in Sources */ = {isa = PBXBuildFile; fileRef = CFAE47DE2541FE3700244D74 /* BechdelTestViewController.swift */; };
		CFAE47E42541FFF700244D74 /* ConfirmationButton.swift in Sources */ = {isa = PBXBuildFile; fileRef = CFAE47E32541FFF700244D74 /* ConfirmationButton.swift */; };
		CFB73C352559AB9B00F7B7C9 /* AboutBechdelTableViewCell.swift in Sources */ = {isa = PBXBuildFile; fileRef = CFB73C342559AB9B00F7B7C9 /* AboutBechdelTableViewCell.swift */; };
		CFB73C532559C4B000F7B7C9 /* CarouselPageVC.swift in Sources */ = {isa = PBXBuildFile; fileRef = CFB73C522559C4B000F7B7C9 /* CarouselPageVC.swift */; };
		CFB76C0C254A0F9F00C3C6A1 /* EndReviewViewController.swift in Sources */ = {isa = PBXBuildFile; fileRef = CFB76C0B254A0F9F00C3C6A1 /* EndReviewViewController.swift */; };
		CFD17EBD255AB5FA00AF61F6 /* AboutTableViewCell.swift in Sources */ = {isa = PBXBuildFile; fileRef = CFD17EBC255AB5FA00AF61F6 /* AboutTableViewCell.swift */; };
		CFE01211255B27B500F29B6C /* CarouselItemVC.swift in Sources */ = {isa = PBXBuildFile; fileRef = CFE01210255B27B500F29B6C /* CarouselItemVC.swift */; };
		CFE0215125C1B322004E7B7F /* Sections.swift in Sources */ = {isa = PBXBuildFile; fileRef = CFE0215025C1B322004E7B7F /* Sections.swift */; };
		CFE476172551FAE30053B5BA /* Localizable.strings in Resources */ = {isa = PBXBuildFile; fileRef = CFE476192551FAE30053B5BA /* Localizable.strings */; };
		CFFE896D253E27F6002BD1BA /* AppDelegate.swift in Sources */ = {isa = PBXBuildFile; fileRef = CFFE896C253E27F6002BD1BA /* AppDelegate.swift */; };
		CFFE896F253E27F6002BD1BA /* SceneDelegate.swift in Sources */ = {isa = PBXBuildFile; fileRef = CFFE896E253E27F6002BD1BA /* SceneDelegate.swift */; };
		CFFE8971253E27F6002BD1BA /* ViewController.swift in Sources */ = {isa = PBXBuildFile; fileRef = CFFE8970253E27F6002BD1BA /* ViewController.swift */; };
		CFFE8974253E27F6002BD1BA /* Main.storyboard in Resources */ = {isa = PBXBuildFile; fileRef = CFFE8972253E27F6002BD1BA /* Main.storyboard */; };
		CFFE8976253E27F9002BD1BA /* Assets.xcassets in Resources */ = {isa = PBXBuildFile; fileRef = CFFE8975253E27F9002BD1BA /* Assets.xcassets */; };
		CFFE8979253E27F9002BD1BA /* LaunchScreen.storyboard in Resources */ = {isa = PBXBuildFile; fileRef = CFFE8977253E27F9002BD1BA /* LaunchScreen.storyboard */; };
		CFFE8984253E27F9002BD1BA /* EyesTests.swift in Sources */ = {isa = PBXBuildFile; fileRef = CFFE8983253E27F9002BD1BA /* EyesTests.swift */; };
		CFFE898F253E27F9002BD1BA /* EyesUITests.swift in Sources */ = {isa = PBXBuildFile; fileRef = CFFE898E253E27F9002BD1BA /* EyesUITests.swift */; };
		CFFE89A3253E2815002BD1BA /* MovieDetailState.swift in Sources */ = {isa = PBXBuildFile; fileRef = CFFE899F253E2814002BD1BA /* MovieDetailState.swift */; };
		CFFE89A4253E2815002BD1BA /* MovieListState.swift in Sources */ = {isa = PBXBuildFile; fileRef = CFFE89A0253E2814002BD1BA /* MovieListState.swift */; };
		CFFE89A5253E2815002BD1BA /* MovieSearchState.swift in Sources */ = {isa = PBXBuildFile; fileRef = CFFE89A1253E2814002BD1BA /* MovieSearchState.swift */; };
		CFFE89A6253E2815002BD1BA /* ImageLoader.swift in Sources */ = {isa = PBXBuildFile; fileRef = CFFE89A2253E2815002BD1BA /* ImageLoader.swift */; };
		CFFE89AB253E2819002BD1BA /* Utils.swift in Sources */ = {isa = PBXBuildFile; fileRef = CFFE89AA253E2819002BD1BA /* Utils.swift */; };
		CFFE89B2253E281F002BD1BA /* movie_list.json in Resources */ = {isa = PBXBuildFile; fileRef = CFFE89AF253E281F002BD1BA /* movie_list.json */; };
		CFFE89B3253E281F002BD1BA /* movie_info.json in Resources */ = {isa = PBXBuildFile; fileRef = CFFE89B0253E281F002BD1BA /* movie_info.json */; };
		CFFE89B4253E281F002BD1BA /* search_movie.json in Resources */ = {isa = PBXBuildFile; fileRef = CFFE89B1253E281F002BD1BA /* search_movie.json */; };
		CFFE89BC253E2829002BD1BA /* Movie.swift in Sources */ = {isa = PBXBuildFile; fileRef = CFFE89B8253E2829002BD1BA /* Movie.swift */; };
		CFFE89BD253E2829002BD1BA /* MovieService.swift in Sources */ = {isa = PBXBuildFile; fileRef = CFFE89B9253E2829002BD1BA /* MovieService.swift */; };
		CFFE89BE253E2829002BD1BA /* Movie+Stub.swift in Sources */ = {isa = PBXBuildFile; fileRef = CFFE89BA253E2829002BD1BA /* Movie+Stub.swift */; };
		CFFE89BF253E2829002BD1BA /* MovieStore.swift in Sources */ = {isa = PBXBuildFile; fileRef = CFFE89BB253E2829002BD1BA /* MovieStore.swift */; };
/* End PBXBuildFile section */

/* Begin PBXContainerItemProxy section */
		CFFE8980253E27F9002BD1BA /* PBXContainerItemProxy */ = {
			isa = PBXContainerItemProxy;
			containerPortal = CFFE8961253E27F6002BD1BA /* Project object */;
			proxyType = 1;
			remoteGlobalIDString = CFFE8968253E27F6002BD1BA;
			remoteInfo = Eyes;
		};
		CFFE898B253E27F9002BD1BA /* PBXContainerItemProxy */ = {
			isa = PBXContainerItemProxy;
			containerPortal = CFFE8961253E27F6002BD1BA /* Project object */;
			proxyType = 1;
			remoteGlobalIDString = CFFE8968253E27F6002BD1BA;
			remoteInfo = Eyes;
		};
/* End PBXContainerItemProxy section */

/* Begin PBXFileReference section */
		7115538125780B450068C0E1 /* FavoritesViewController.swift */ = {isa = PBXFileReference; lastKnownFileType = sourcecode.swift; path = FavoritesViewController.swift; sourceTree = "<group>"; };
		7115538F2578126A0068C0E1 /* FavoritesCell.swift */ = {isa = PBXFileReference; lastKnownFileType = sourcecode.swift; path = FavoritesCell.swift; sourceTree = "<group>"; };
		713367712541F2A5005919E8 /* CatalogueViewController.swift */ = {isa = PBXFileReference; lastKnownFileType = sourcecode.swift; path = CatalogueViewController.swift; sourceTree = "<group>"; };
		7133677B2541F4A9005919E8 /* CarouselItemView.swift */ = {isa = PBXFileReference; lastKnownFileType = sourcecode.swift; path = CarouselItemView.swift; sourceTree = "<group>"; };
		716A0E0525B61A9A00BDB23C /* CatalogueViewController2.swift */ = {isa = PBXFileReference; lastKnownFileType = sourcecode.swift; path = CatalogueViewController2.swift; sourceTree = "<group>"; };
		716A0E0D25B76BA000BDB23C /* MovieDetailsViewController2.swift */ = {isa = PBXFileReference; lastKnownFileType = sourcecode.swift; path = MovieDetailsViewController2.swift; sourceTree = "<group>"; };
		716A0E1225B781AB00BDB23C /* HeaderTableViewCell2.swift */ = {isa = PBXFileReference; lastKnownFileType = sourcecode.swift; path = HeaderTableViewCell2.swift; sourceTree = "<group>"; };
		716A0E1725B7846D00BDB23C /* OverviewTableViewCell2.swift */ = {isa = PBXFileReference; lastKnownFileType = sourcecode.swift; path = OverviewTableViewCell2.swift; sourceTree = "<group>"; };
		716A0E1C25B7866E00BDB23C /* TagsTableViewCell2.swift */ = {isa = PBXFileReference; lastKnownFileType = sourcecode.swift; path = TagsTableViewCell2.swift; sourceTree = "<group>"; };
		716A0E2125B786A100BDB23C /* CastListTableViewCell2.swift */ = {isa = PBXFileReference; lastKnownFileType = sourcecode.swift; path = CastListTableViewCell2.swift; sourceTree = "<group>"; };
		716A0E2F25BA07B900BDB23C /* InsideTagsCollectionViewCell2.swift */ = {isa = PBXFileReference; lastKnownFileType = sourcecode.swift; path = InsideTagsCollectionViewCell2.swift; sourceTree = "<group>"; };
		7184A568255B4D180078CDBA /* CarouselTagCell.swift */ = {isa = PBXFileReference; lastKnownFileType = sourcecode.swift; path = CarouselTagCell.swift; sourceTree = "<group>"; };
		71EA479E255320630072A74A /* OBItem.xib */ = {isa = PBXFileReference; lastKnownFileType = file.xib; path = OBItem.xib; sourceTree = "<group>"; };
		71EA47A3255321BA0072A74A /* OBItem.swift */ = {isa = PBXFileReference; lastKnownFileType = sourcecode.swift; path = OBItem.swift; sourceTree = "<group>"; };
		71EA47A8255323AC0072A74A /* OBPageViewController.swift */ = {isa = PBXFileReference; lastKnownFileType = sourcecode.swift; path = OBPageViewController.swift; sourceTree = "<group>"; };
		71EA47B325533F660072A74A /* OBViewController.swift */ = {isa = PBXFileReference; lastKnownFileType = sourcecode.swift; path = OBViewController.swift; sourceTree = "<group>"; };
		71FD85AD25C1F2FF00FC7D9E /* CastCVCell2.swift */ = {isa = PBXFileReference; lastKnownFileType = sourcecode.swift; path = CastCVCell2.swift; sourceTree = "<group>"; };
		CF033A3025642EF900740FC9 /* CloudKitViewController.swift */ = {isa = PBXFileReference; lastKnownFileType = sourcecode.swift; path = CloudKitViewController.swift; sourceTree = "<group>"; };
		CF09B0082562E3AA00645FAC /* ShareImage.swift */ = {isa = PBXFileReference; lastKnownFileType = sourcecode.swift; path = ShareImage.swift; sourceTree = "<group>"; };
		CF12DB14257BEDE9009DFDD8 /* TabBarController.swift */ = {isa = PBXFileReference; lastKnownFileType = sourcecode.swift; name = TabBarController.swift; path = Eyes/Controller/TabBarController.swift; sourceTree = SOURCE_ROOT; };
		CF1337EC254B297E00B377C6 /* AboutAppViewController.swift */ = {isa = PBXFileReference; lastKnownFileType = sourcecode.swift; path = AboutAppViewController.swift; sourceTree = "<group>"; };
		CF1BDE5E2540A970002FA236 /* Eyes.entitlements */ = {isa = PBXFileReference; lastKnownFileType = text.plist.entitlements; path = Eyes.entitlements; sourceTree = "<group>"; };
		CF1BDE6C2540A98A002FA236 /* CloudKit.framework */ = {isa = PBXFileReference; lastKnownFileType = wrapper.framework; name = CloudKit.framework; path = System/Library/Frameworks/CloudKit.framework; sourceTree = SDKROOT; };
		CF1BDE742540B0BD002FA236 /* Tag.swift */ = {isa = PBXFileReference; lastKnownFileType = sourcecode.swift; path = Tag.swift; sourceTree = "<group>"; };
		CF34286D257ABB7000B94443 /* Color.swift */ = {isa = PBXFileReference; lastKnownFileType = sourcecode.swift; path = Color.swift; sourceTree = "<group>"; };
		CF38469625814AED0057C004 /* ActivityController.swift */ = {isa = PBXFileReference; lastKnownFileType = sourcecode.swift; path = ActivityController.swift; sourceTree = "<group>"; };
		CF3D56D52576C4080014B8D5 /* NavigationBar.swift */ = {isa = PBXFileReference; lastKnownFileType = sourcecode.swift; path = NavigationBar.swift; sourceTree = "<group>"; };
		CF424FA225462EFB00C85A37 /* TagButton.swift */ = {isa = PBXFileReference; lastKnownFileType = sourcecode.swift; path = TagButton.swift; sourceTree = "<group>"; };
		CF424FA72546352000C85A37 /* ChooseTagsCollectionViewCell.swift */ = {isa = PBXFileReference; lastKnownFileType = sourcecode.swift; path = ChooseTagsCollectionViewCell.swift; sourceTree = "<group>"; };
		CF428AC0254B30DF00DD25A5 /* AboutDetailsVC.swift */ = {isa = PBXFileReference; lastKnownFileType = sourcecode.swift; path = AboutDetailsVC.swift; sourceTree = "<group>"; };
		CF42BDB225545B1E00A84447 /* Base */ = {isa = PBXFileReference; lastKnownFileType = file.storyboard; name = Base; path = Base.lproj/OnBoarding.storyboard; sourceTree = "<group>"; };
		CF42BDB825545B2200A84447 /* en */ = {isa = PBXFileReference; lastKnownFileType = text.plist.strings; name = en; path = en.lproj/OnBoarding.strings; sourceTree = "<group>"; };
		CF48B04E25605E8D00A5D1AB /* Constants.swift */ = {isa = PBXFileReference; lastKnownFileType = sourcecode.swift; path = Constants.swift; sourceTree = "<group>"; };
		CF48B05325605FC800A5D1AB /* Alert.swift */ = {isa = PBXFileReference; lastKnownFileType = sourcecode.swift; path = Alert.swift; sourceTree = "<group>"; };
		CF5811F125755F02001C08BD /* SearchViewController.swift */ = {isa = PBXFileReference; lastKnownFileType = sourcecode.swift; path = SearchViewController.swift; sourceTree = "<group>"; };
		CF58120A25757791001C08BD /* SearchTableViewCell.swift */ = {isa = PBXFileReference; lastKnownFileType = sourcecode.swift; path = SearchTableViewCell.swift; sourceTree = "<group>"; };
		CF5A863F255C736200DDE395 /* AboutDevTeamCollectionViewCell.swift */ = {isa = PBXFileReference; lastKnownFileType = sourcecode.swift; path = AboutDevTeamCollectionViewCell.swift; sourceTree = "<group>"; };
		CF5A8647255C762E00DDE395 /* AboutDevTeamVC.swift */ = {isa = PBXFileReference; lastKnownFileType = sourcecode.swift; path = AboutDevTeamVC.swift; sourceTree = "<group>"; };
		CF5F1E0C25C077F0001F76CD /* UIImageColors.swift */ = {isa = PBXFileReference; lastKnownFileType = sourcecode.swift; path = UIImageColors.swift; sourceTree = "<group>"; };
		CF5F1E1125C07C7F001F76CD /* HomeViewController.swift */ = {isa = PBXFileReference; lastKnownFileType = sourcecode.swift; path = HomeViewController.swift; sourceTree = "<group>"; };
		CF5F1E1625C07E89001F76CD /* HeaderHomeTableViewCell.swift */ = {isa = PBXFileReference; lastKnownFileType = sourcecode.swift; path = HeaderHomeTableViewCell.swift; sourceTree = "<group>"; };
		CF5F1E1B25C090AC001F76CD /* MovieListTableViewCell.swift */ = {isa = PBXFileReference; lastKnownFileType = sourcecode.swift; path = MovieListTableViewCell.swift; sourceTree = "<group>"; };
		CF5F1E2025C091B4001F76CD /* MovieItemCollectionViewCell.swift */ = {isa = PBXFileReference; lastKnownFileType = sourcecode.swift; path = MovieItemCollectionViewCell.swift; sourceTree = "<group>"; };
		CF72DC43257A492300D8E252 /* Favorites.swift */ = {isa = PBXFileReference; lastKnownFileType = sourcecode.swift; path = Favorites.swift; sourceTree = "<group>"; };
		CF79537A255EBD3100AEF5A8 /* Haptic.swift */ = {isa = PBXFileReference; lastKnownFileType = sourcecode.swift; path = Haptic.swift; sourceTree = "<group>"; };
		CF846D7C25422E9000BBC7D3 /* Question.swift */ = {isa = PBXFileReference; lastKnownFileType = sourcecode.swift; path = Question.swift; sourceTree = "<group>"; };
		CF846D8A2543504A00BBC7D3 /* TagVotes.swift */ = {isa = PBXFileReference; lastKnownFileType = sourcecode.swift; path = TagVotes.swift; sourceTree = "<group>"; };
		CF846D8F254350C700BBC7D3 /* MyMovies.swift */ = {isa = PBXFileReference; lastKnownFileType = sourcecode.swift; path = MyMovies.swift; sourceTree = "<group>"; };
		CF846DAD2543955E00BBC7D3 /* MoviesCollectionViewCell.swift */ = {isa = PBXFileReference; fileEncoding = 4; lastKnownFileType = sourcecode.swift; path = MoviesCollectionViewCell.swift; sourceTree = "<group>"; };
		CF846DAE2543955E00BBC7D3 /* MovieDetailsViewController.swift */ = {isa = PBXFileReference; fileEncoding = 4; lastKnownFileType = sourcecode.swift; path = MovieDetailsViewController.swift; sourceTree = "<group>"; };
		CF8994BF25545B6E00693C26 /* pt-BR */ = {isa = PBXFileReference; lastKnownFileType = text.plist.strings; name = "pt-BR"; path = "pt-BR.lproj/OnBoarding.strings"; sourceTree = "<group>"; };
		CF907E21253F308100124BB5 /* DAO.swift */ = {isa = PBXFileReference; lastKnownFileType = sourcecode.swift; path = DAO.swift; sourceTree = "<group>"; };
		CF9ACCE02548923700AA4F33 /* MovieLoadingDetailState.swift */ = {isa = PBXFileReference; fileEncoding = 4; lastKnownFileType = sourcecode.swift; path = MovieLoadingDetailState.swift; sourceTree = "<group>"; };
		CF9ACCE82548AAD000AA4F33 /* AboutBechdelTestVC.swift */ = {isa = PBXFileReference; lastKnownFileType = sourcecode.swift; path = AboutBechdelTestVC.swift; sourceTree = "<group>"; };
		CFAE47B42541CB8700244D74 /* Buttons.swift */ = {isa = PBXFileReference; lastKnownFileType = sourcecode.swift; path = Buttons.swift; sourceTree = "<group>"; };
		CFAE47BD2541CE7900244D74 /* Images.swift */ = {isa = PBXFileReference; lastKnownFileType = sourcecode.swift; path = Images.swift; sourceTree = "<group>"; };
		CFAE47DE2541FE3700244D74 /* BechdelTestViewController.swift */ = {isa = PBXFileReference; lastKnownFileType = sourcecode.swift; path = BechdelTestViewController.swift; sourceTree = "<group>"; };
		CFAE47E32541FFF700244D74 /* ConfirmationButton.swift */ = {isa = PBXFileReference; lastKnownFileType = sourcecode.swift; path = ConfirmationButton.swift; sourceTree = "<group>"; };
		CFB73C342559AB9B00F7B7C9 /* AboutBechdelTableViewCell.swift */ = {isa = PBXFileReference; lastKnownFileType = sourcecode.swift; path = AboutBechdelTableViewCell.swift; sourceTree = "<group>"; };
		CFB73C522559C4B000F7B7C9 /* CarouselPageVC.swift */ = {isa = PBXFileReference; fileEncoding = 4; lastKnownFileType = sourcecode.swift; path = CarouselPageVC.swift; sourceTree = "<group>"; };
		CFB76C0B254A0F9F00C3C6A1 /* EndReviewViewController.swift */ = {isa = PBXFileReference; lastKnownFileType = sourcecode.swift; path = EndReviewViewController.swift; sourceTree = "<group>"; };
		CFD17EBC255AB5FA00AF61F6 /* AboutTableViewCell.swift */ = {isa = PBXFileReference; lastKnownFileType = sourcecode.swift; path = AboutTableViewCell.swift; sourceTree = "<group>"; };
		CFE01210255B27B500F29B6C /* CarouselItemVC.swift */ = {isa = PBXFileReference; fileEncoding = 4; lastKnownFileType = sourcecode.swift; path = CarouselItemVC.swift; sourceTree = "<group>"; };
		CFE0215025C1B322004E7B7F /* Sections.swift */ = {isa = PBXFileReference; lastKnownFileType = sourcecode.swift; path = Sections.swift; sourceTree = "<group>"; };
		CFE476052551F8A60053B5BA /* pt-BR */ = {isa = PBXFileReference; lastKnownFileType = text.plist.strings; name = "pt-BR"; path = "pt-BR.lproj/Main.strings"; sourceTree = "<group>"; };
		CFE476062551F8A70053B5BA /* pt-BR */ = {isa = PBXFileReference; lastKnownFileType = text.plist.strings; name = "pt-BR"; path = "pt-BR.lproj/LaunchScreen.strings"; sourceTree = "<group>"; };
		CFE476182551FAE30053B5BA /* en */ = {isa = PBXFileReference; lastKnownFileType = text.plist.strings; name = en; path = en.lproj/Localizable.strings; sourceTree = "<group>"; };
		CFE4761D2551FAE50053B5BA /* pt-BR */ = {isa = PBXFileReference; lastKnownFileType = text.plist.strings; name = "pt-BR"; path = "pt-BR.lproj/Localizable.strings"; sourceTree = "<group>"; };
		CFFE8969253E27F6002BD1BA /* Eyes.app */ = {isa = PBXFileReference; explicitFileType = wrapper.application; includeInIndex = 0; path = Eyes.app; sourceTree = BUILT_PRODUCTS_DIR; };
		CFFE896C253E27F6002BD1BA /* AppDelegate.swift */ = {isa = PBXFileReference; lastKnownFileType = sourcecode.swift; path = AppDelegate.swift; sourceTree = "<group>"; };
		CFFE896E253E27F6002BD1BA /* SceneDelegate.swift */ = {isa = PBXFileReference; lastKnownFileType = sourcecode.swift; path = SceneDelegate.swift; sourceTree = "<group>"; };
		CFFE8970253E27F6002BD1BA /* ViewController.swift */ = {isa = PBXFileReference; lastKnownFileType = sourcecode.swift; path = ViewController.swift; sourceTree = "<group>"; };
		CFFE8973253E27F6002BD1BA /* Base */ = {isa = PBXFileReference; lastKnownFileType = file.storyboard; name = Base; path = Base.lproj/Main.storyboard; sourceTree = "<group>"; };
		CFFE8975253E27F9002BD1BA /* Assets.xcassets */ = {isa = PBXFileReference; lastKnownFileType = folder.assetcatalog; path = Assets.xcassets; sourceTree = "<group>"; };
		CFFE8978253E27F9002BD1BA /* Base */ = {isa = PBXFileReference; lastKnownFileType = file.storyboard; name = Base; path = Base.lproj/LaunchScreen.storyboard; sourceTree = "<group>"; };
		CFFE897A253E27F9002BD1BA /* Info.plist */ = {isa = PBXFileReference; lastKnownFileType = text.plist.xml; path = Info.plist; sourceTree = "<group>"; };
		CFFE897F253E27F9002BD1BA /* EyesTests.xctest */ = {isa = PBXFileReference; explicitFileType = wrapper.cfbundle; includeInIndex = 0; path = EyesTests.xctest; sourceTree = BUILT_PRODUCTS_DIR; };
		CFFE8983253E27F9002BD1BA /* EyesTests.swift */ = {isa = PBXFileReference; lastKnownFileType = sourcecode.swift; path = EyesTests.swift; sourceTree = "<group>"; };
		CFFE8985253E27F9002BD1BA /* Info.plist */ = {isa = PBXFileReference; lastKnownFileType = text.plist.xml; path = Info.plist; sourceTree = "<group>"; };
		CFFE898A253E27F9002BD1BA /* EyesUITests.xctest */ = {isa = PBXFileReference; explicitFileType = wrapper.cfbundle; includeInIndex = 0; path = EyesUITests.xctest; sourceTree = BUILT_PRODUCTS_DIR; };
		CFFE898E253E27F9002BD1BA /* EyesUITests.swift */ = {isa = PBXFileReference; lastKnownFileType = sourcecode.swift; path = EyesUITests.swift; sourceTree = "<group>"; };
		CFFE8990253E27F9002BD1BA /* Info.plist */ = {isa = PBXFileReference; lastKnownFileType = text.plist.xml; path = Info.plist; sourceTree = "<group>"; };
		CFFE899F253E2814002BD1BA /* MovieDetailState.swift */ = {isa = PBXFileReference; fileEncoding = 4; lastKnownFileType = sourcecode.swift; path = MovieDetailState.swift; sourceTree = "<group>"; };
		CFFE89A0253E2814002BD1BA /* MovieListState.swift */ = {isa = PBXFileReference; fileEncoding = 4; lastKnownFileType = sourcecode.swift; path = MovieListState.swift; sourceTree = "<group>"; };
		CFFE89A1253E2814002BD1BA /* MovieSearchState.swift */ = {isa = PBXFileReference; fileEncoding = 4; lastKnownFileType = sourcecode.swift; path = MovieSearchState.swift; sourceTree = "<group>"; };
		CFFE89A2253E2815002BD1BA /* ImageLoader.swift */ = {isa = PBXFileReference; fileEncoding = 4; lastKnownFileType = sourcecode.swift; path = ImageLoader.swift; sourceTree = "<group>"; };
		CFFE89AA253E2819002BD1BA /* Utils.swift */ = {isa = PBXFileReference; fileEncoding = 4; lastKnownFileType = sourcecode.swift; path = Utils.swift; sourceTree = "<group>"; };
		CFFE89AF253E281F002BD1BA /* movie_list.json */ = {isa = PBXFileReference; fileEncoding = 4; lastKnownFileType = text.json; path = movie_list.json; sourceTree = "<group>"; };
		CFFE89B0253E281F002BD1BA /* movie_info.json */ = {isa = PBXFileReference; fileEncoding = 4; lastKnownFileType = text.json; path = movie_info.json; sourceTree = "<group>"; };
		CFFE89B1253E281F002BD1BA /* search_movie.json */ = {isa = PBXFileReference; fileEncoding = 4; lastKnownFileType = text.json; path = search_movie.json; sourceTree = "<group>"; };
		CFFE89B8253E2829002BD1BA /* Movie.swift */ = {isa = PBXFileReference; fileEncoding = 4; lastKnownFileType = sourcecode.swift; path = Movie.swift; sourceTree = "<group>"; };
		CFFE89B9253E2829002BD1BA /* MovieService.swift */ = {isa = PBXFileReference; fileEncoding = 4; lastKnownFileType = sourcecode.swift; path = MovieService.swift; sourceTree = "<group>"; };
		CFFE89BA253E2829002BD1BA /* Movie+Stub.swift */ = {isa = PBXFileReference; fileEncoding = 4; lastKnownFileType = sourcecode.swift; path = "Movie+Stub.swift"; sourceTree = "<group>"; };
		CFFE89BB253E2829002BD1BA /* MovieStore.swift */ = {isa = PBXFileReference; fileEncoding = 4; lastKnownFileType = sourcecode.swift; path = MovieStore.swift; sourceTree = "<group>"; };
/* End PBXFileReference section */

/* Begin PBXFrameworksBuildPhase section */
		CFFE8966253E27F6002BD1BA /* Frameworks */ = {
			isa = PBXFrameworksBuildPhase;
			buildActionMask = 2147483647;
			files = (
				CF1BDE6D2540A98A002FA236 /* CloudKit.framework in Frameworks */,
				CF1BDE702540AC4C002FA236 /* CloudKitMagicCRUD in Frameworks */,
			);
			runOnlyForDeploymentPostprocessing = 0;
		};
		CFFE897C253E27F9002BD1BA /* Frameworks */ = {
			isa = PBXFrameworksBuildPhase;
			buildActionMask = 2147483647;
			files = (
			);
			runOnlyForDeploymentPostprocessing = 0;
		};
		CFFE8987253E27F9002BD1BA /* Frameworks */ = {
			isa = PBXFrameworksBuildPhase;
			buildActionMask = 2147483647;
			files = (
			);
			runOnlyForDeploymentPostprocessing = 0;
		};
/* End PBXFrameworksBuildPhase section */

/* Begin PBXGroup section */
		CF1BDE6B2540A98A002FA236 /* Frameworks */ = {
			isa = PBXGroup;
			children = (
				CF1BDE6C2540A98A002FA236 /* CloudKit.framework */,
			);
			name = Frameworks;
			sourceTree = "<group>";
		};
		CF3D56DA2576C45E0014B8D5 /* Search */ = {
			isa = PBXGroup;
			children = (
				CF5811F125755F02001C08BD /* SearchViewController.swift */,
				CF58120A25757791001C08BD /* SearchTableViewCell.swift */,
			);
			path = Search;
			sourceTree = "<group>";
		};
		CF7BA4A3255B02380015898C /* Details */ = {
			isa = PBXGroup;
			children = (
				CF846DAE2543955E00BBC7D3 /* MovieDetailsViewController.swift */,
				716A0E0D25B76BA000BDB23C /* MovieDetailsViewController2.swift */,
				716A0E2125B786A100BDB23C /* CastListTableViewCell2.swift */,
				71FD85AD25C1F2FF00FC7D9E /* CastCVCell2.swift */,
				716A0E1225B781AB00BDB23C /* HeaderTableViewCell2.swift */,
				716A0E1725B7846D00BDB23C /* OverviewTableViewCell2.swift */,
				716A0E1C25B7866E00BDB23C /* TagsTableViewCell2.swift */,
				716A0E2F25BA07B900BDB23C /* InsideTagsCollectionViewCell2.swift */,
			);
			path = Details;
			sourceTree = "<group>";
		};
		CF7BA4A7255B02630015898C /* OnBoarding */ = {
			isa = PBXGroup;
			children = (
				71EA47B325533F660072A74A /* OBViewController.swift */,
				71EA47A3255321BA0072A74A /* OBItem.swift */,
				71EA47A8255323AC0072A74A /* OBPageViewController.swift */,
				CF033A3025642EF900740FC9 /* CloudKitViewController.swift */,
			);
			path = OnBoarding;
			sourceTree = "<group>";
		};
		CF846D7B25422E7600BBC7D3 /* In-App */ = {
			isa = PBXGroup;
			children = (
				CF846D8F254350C700BBC7D3 /* MyMovies.swift */,
				CF1BDE742540B0BD002FA236 /* Tag.swift */,
				CF846D8A2543504A00BBC7D3 /* TagVotes.swift */,
				CF846D7C25422E9000BBC7D3 /* Question.swift */,
			);
			path = "In-App";
			sourceTree = "<group>";
		};
		CF8994C025545B8900693C26 /* Storyboards */ = {
			isa = PBXGroup;
			children = (
				CFFE8972253E27F6002BD1BA /* Main.storyboard */,
				CF42BDB325545B1E00A84447 /* OnBoarding.storyboard */,
			);
			path = Storyboards;
			sourceTree = "<group>";
		};
		CF8994C425545BA400693C26 /* XIBs */ = {
			isa = PBXGroup;
			children = (
				71EA479E255320630072A74A /* OBItem.xib */,
			);
			path = XIBs;
			sourceTree = "<group>";
		};
		CFAE47B92541CB8C00244D74 /* Utilities */ = {
			isa = PBXGroup;
			children = (
				CF48B05325605FC800A5D1AB /* Alert.swift */,
				CF34286D257ABB7000B94443 /* Color.swift */,
				CFE0215025C1B322004E7B7F /* Sections.swift */,
				CF48B04E25605E8D00A5D1AB /* Constants.swift */,
				CF72DC43257A492300D8E252 /* Favorites.swift */,
				CF3D56D52576C4080014B8D5 /* NavigationBar.swift */,
				CFFE89AA253E2819002BD1BA /* Utils.swift */,
				CF79537A255EBD3100AEF5A8 /* Haptic.swift */,
				CFAE47BD2541CE7900244D74 /* Images.swift */,
				CF5F1E0C25C077F0001F76CD /* UIImageColors.swift */,
				CF38469625814AED0057C004 /* ActivityController.swift */,
				CFAE47B42541CB8700244D74 /* Buttons.swift */,
				CF09B0082562E3AA00645FAC /* ShareImage.swift */,
				CF424FA225462EFB00C85A37 /* TagButton.swift */,
				CFAE47E32541FFF700244D74 /* ConfirmationButton.swift */,
			);
			path = Utilities;
			sourceTree = "<group>";
		};
		CFAE47D22541FD0400244D74 /* Views */ = {
			isa = PBXGroup;
			children = (
				CFB73C482559B73D00F7B7C9 /* Home */,
				CF7BA4A3255B02380015898C /* Details */,
				CF8994C025545B8900693C26 /* Storyboards */,
				CF8994C425545BA400693C26 /* XIBs */,
				CF3D56DA2576C45E0014B8D5 /* Search */,
				CFE79DD225C9CB5600EF557D /* Favorites */,
				CF7BA4A7255B02630015898C /* OnBoarding */,
				CFD17EC8255ABC0F00AF61F6 /* Movie Review */,
				CFD17EC4255ABC0500AF61F6 /* About */,
				CFAE47B92541CB8C00244D74 /* Utilities */,
			);
			path = Views;
			sourceTree = "<group>";
		};
		CFAF6DC42540B1C40032A07B /* TMDB API */ = {
			isa = PBXGroup;
			children = (
				CFFE89B8253E2829002BD1BA /* Movie.swift */,
				CFFE89BA253E2829002BD1BA /* Movie+Stub.swift */,
			);
			path = "TMDB API";
			sourceTree = "<group>";
		};
		CFB73C482559B73D00F7B7C9 /* Home */ = {
			isa = PBXGroup;
			children = (
				CF5F1E1125C07C7F001F76CD /* HomeViewController.swift */,
				CF5F1E1625C07E89001F76CD /* HeaderHomeTableViewCell.swift */,
				CF5F1E1B25C090AC001F76CD /* MovieListTableViewCell.swift */,
				CF5F1E2025C091B4001F76CD /* MovieItemCollectionViewCell.swift */,
				713367712541F2A5005919E8 /* CatalogueViewController.swift */,
				716A0E0525B61A9A00BDB23C /* CatalogueViewController2.swift */,
				CFB73C522559C4B000F7B7C9 /* CarouselPageVC.swift */,
				CFE01210255B27B500F29B6C /* CarouselItemVC.swift */,
				7133677B2541F4A9005919E8 /* CarouselItemView.swift */,
				7184A568255B4D180078CDBA /* CarouselTagCell.swift */,
			);
			path = Home;
			sourceTree = "<group>";
		};
		CFD17EC4255ABC0500AF61F6 /* About */ = {
			isa = PBXGroup;
			children = (
				CF1337EC254B297E00B377C6 /* AboutAppViewController.swift */,
				CFD17EBC255AB5FA00AF61F6 /* AboutTableViewCell.swift */,
				CF5A8647255C762E00DDE395 /* AboutDevTeamVC.swift */,
				CF5A863F255C736200DDE395 /* AboutDevTeamCollectionViewCell.swift */,
				CF428AC0254B30DF00DD25A5 /* AboutDetailsVC.swift */,
			);
			path = About;
			sourceTree = "<group>";
		};
		CFD17EC8255ABC0F00AF61F6 /* Movie Review */ = {
			isa = PBXGroup;
			children = (
				CFAE47DE2541FE3700244D74 /* BechdelTestViewController.swift */,
				CF424FA72546352000C85A37 /* ChooseTagsCollectionViewCell.swift */,
				CF9ACCE82548AAD000AA4F33 /* AboutBechdelTestVC.swift */,
				CFB73C342559AB9B00F7B7C9 /* AboutBechdelTableViewCell.swift */,
				CFB76C0B254A0F9F00C3C6A1 /* EndReviewViewController.swift */,
			);
			path = "Movie Review";
			sourceTree = "<group>";
		};
		CFE011D6255B266200F29B6C /* Recovered References */ = {
			isa = PBXGroup;
			children = (
			);
			name = "Recovered References";
			sourceTree = "<group>";
		};
		CFE79DD125C9CB3200EF557D /* Controller */ = {
			isa = PBXGroup;
			children = (
				CFFE896C253E27F6002BD1BA /* AppDelegate.swift */,
				CFFE896E253E27F6002BD1BA /* SceneDelegate.swift */,
				CF12DB14257BEDE9009DFDD8 /* TabBarController.swift */,
				CFFE89C3253E282C002BD1BA /* Bindings */,
				CFFE89C4253E2846002BD1BA /* Services */,
			);
			path = Controller;
			sourceTree = "<group>";
		};
		CFE79DD225C9CB5600EF557D /* Favorites */ = {
			isa = PBXGroup;
			children = (
				7115538125780B450068C0E1 /* FavoritesViewController.swift */,
				7115538F2578126A0068C0E1 /* FavoritesCell.swift */,
			);
			name = Favorites;
			path = OnBoarding/Favorites;
			sourceTree = "<group>";
		};
		CFFE8960253E27F6002BD1BA = {
			isa = PBXGroup;
			children = (
				CFFE896B253E27F6002BD1BA /* Eyes */,
				CFFE8982253E27F9002BD1BA /* EyesTests */,
				CFFE898D253E27F9002BD1BA /* EyesUITests */,
				CFFE896A253E27F6002BD1BA /* Products */,
				CF1BDE6B2540A98A002FA236 /* Frameworks */,
				CFE011D6255B266200F29B6C /* Recovered References */,
			);
			sourceTree = "<group>";
		};
		CFFE896A253E27F6002BD1BA /* Products */ = {
			isa = PBXGroup;
			children = (
				CFFE8969253E27F6002BD1BA /* Eyes.app */,
				CFFE897F253E27F9002BD1BA /* EyesTests.xctest */,
				CFFE898A253E27F9002BD1BA /* EyesUITests.xctest */,
			);
			name = Products;
			sourceTree = "<group>";
		};
		CFFE896B253E27F6002BD1BA /* Eyes */ = {
			isa = PBXGroup;
			children = (
				CF1BDE5E2540A970002FA236 /* Eyes.entitlements */,
				CFE79DD125C9CB3200EF557D /* Controller */,
				CFAE47D22541FD0400244D74 /* Views */,
				CFFE89C5253E2850002BD1BA /* Model */,
				CFFE8970253E27F6002BD1BA /* ViewController.swift */,
				CF846DAD2543955E00BBC7D3 /* MoviesCollectionViewCell.swift */,
				CFE476192551FAE30053B5BA /* Localizable.strings */,
				CFFE8975253E27F9002BD1BA /* Assets.xcassets */,
				CFFE8977253E27F9002BD1BA /* LaunchScreen.storyboard */,
				CFFE897A253E27F9002BD1BA /* Info.plist */,
			);
			path = Eyes;
			sourceTree = "<group>";
		};
		CFFE8982253E27F9002BD1BA /* EyesTests */ = {
			isa = PBXGroup;
			children = (
				CFFE8983253E27F9002BD1BA /* EyesTests.swift */,
				CFFE8985253E27F9002BD1BA /* Info.plist */,
			);
			path = EyesTests;
			sourceTree = "<group>";
		};
		CFFE898D253E27F9002BD1BA /* EyesUITests */ = {
			isa = PBXGroup;
			children = (
				CFFE898E253E27F9002BD1BA /* EyesUITests.swift */,
				CFFE8990253E27F9002BD1BA /* Info.plist */,
			);
			path = EyesUITests;
			sourceTree = "<group>";
		};
		CFFE89C3253E282C002BD1BA /* Bindings */ = {
			isa = PBXGroup;
			children = (
				CFFE89A2253E2815002BD1BA /* ImageLoader.swift */,
				CF9ACCE02548923700AA4F33 /* MovieLoadingDetailState.swift */,
				CFFE899F253E2814002BD1BA /* MovieDetailState.swift */,
				CFFE89A0253E2814002BD1BA /* MovieListState.swift */,
				CFFE89A1253E2814002BD1BA /* MovieSearchState.swift */,
			);
			path = Bindings;
			sourceTree = "<group>";
		};
		CFFE89C4253E2846002BD1BA /* Services */ = {
			isa = PBXGroup;
			children = (
				CFFE89B9253E2829002BD1BA /* MovieService.swift */,
				CFFE89BB253E2829002BD1BA /* MovieStore.swift */,
				CF907E21253F308100124BB5 /* DAO.swift */,
			);
			path = Services;
			sourceTree = "<group>";
		};
		CFFE89C5253E2850002BD1BA /* Model */ = {
			isa = PBXGroup;
			children = (
				CFFE89C9253E285F002BD1BA /* Data */,
				CFAF6DC42540B1C40032A07B /* TMDB API */,
				CF846D7B25422E7600BBC7D3 /* In-App */,
			);
			path = Model;
			sourceTree = "<group>";
		};
		CFFE89C9253E285F002BD1BA /* Data */ = {
			isa = PBXGroup;
			children = (
				CFFE89B0253E281F002BD1BA /* movie_info.json */,
				CFFE89AF253E281F002BD1BA /* movie_list.json */,
				CFFE89B1253E281F002BD1BA /* search_movie.json */,
			);
			path = Data;
			sourceTree = "<group>";
		};
/* End PBXGroup section */

/* Begin PBXNativeTarget section */
		CFFE8968253E27F6002BD1BA /* Eyes */ = {
			isa = PBXNativeTarget;
			buildConfigurationList = CFFE8993253E27F9002BD1BA /* Build configuration list for PBXNativeTarget "Eyes" */;
			buildPhases = (
				CFFE8965253E27F6002BD1BA /* Sources */,
				CFFE8966253E27F6002BD1BA /* Frameworks */,
				CFFE8967253E27F6002BD1BA /* Resources */,
			);
			buildRules = (
			);
			dependencies = (
			);
			name = Eyes;
			packageProductDependencies = (
				CF1BDE6F2540AC4C002FA236 /* CloudKitMagicCRUD */,
			);
			productName = Eyes;
			productReference = CFFE8969253E27F6002BD1BA /* Eyes.app */;
			productType = "com.apple.product-type.application";
		};
		CFFE897E253E27F9002BD1BA /* EyesTests */ = {
			isa = PBXNativeTarget;
			buildConfigurationList = CFFE8996253E27F9002BD1BA /* Build configuration list for PBXNativeTarget "EyesTests" */;
			buildPhases = (
				CFFE897B253E27F9002BD1BA /* Sources */,
				CFFE897C253E27F9002BD1BA /* Frameworks */,
				CFFE897D253E27F9002BD1BA /* Resources */,
			);
			buildRules = (
			);
			dependencies = (
				CFFE8981253E27F9002BD1BA /* PBXTargetDependency */,
			);
			name = EyesTests;
			productName = EyesTests;
			productReference = CFFE897F253E27F9002BD1BA /* EyesTests.xctest */;
			productType = "com.apple.product-type.bundle.unit-test";
		};
		CFFE8989253E27F9002BD1BA /* EyesUITests */ = {
			isa = PBXNativeTarget;
			buildConfigurationList = CFFE8999253E27F9002BD1BA /* Build configuration list for PBXNativeTarget "EyesUITests" */;
			buildPhases = (
				CFFE8986253E27F9002BD1BA /* Sources */,
				CFFE8987253E27F9002BD1BA /* Frameworks */,
				CFFE8988253E27F9002BD1BA /* Resources */,
			);
			buildRules = (
			);
			dependencies = (
				CFFE898C253E27F9002BD1BA /* PBXTargetDependency */,
			);
			name = EyesUITests;
			productName = EyesUITests;
			productReference = CFFE898A253E27F9002BD1BA /* EyesUITests.xctest */;
			productType = "com.apple.product-type.bundle.ui-testing";
		};
/* End PBXNativeTarget section */

/* Begin PBXProject section */
		CFFE8961253E27F6002BD1BA /* Project object */ = {
			isa = PBXProject;
			attributes = {
				LastSwiftUpdateCheck = 1200;
				LastUpgradeCheck = 1220;
				TargetAttributes = {
					CFFE8968253E27F6002BD1BA = {
						CreatedOnToolsVersion = 12.0.1;
					};
					CFFE897E253E27F9002BD1BA = {
						CreatedOnToolsVersion = 12.0.1;
						TestTargetID = CFFE8968253E27F6002BD1BA;
					};
					CFFE8989253E27F9002BD1BA = {
						CreatedOnToolsVersion = 12.0.1;
						TestTargetID = CFFE8968253E27F6002BD1BA;
					};
				};
			};
			buildConfigurationList = CFFE8964253E27F6002BD1BA /* Build configuration list for PBXProject "Eyes" */;
			compatibilityVersion = "Xcode 9.3";
			developmentRegion = en;
			hasScannedForEncodings = 0;
			knownRegions = (
				en,
				Base,
				"pt-BR",
			);
			mainGroup = CFFE8960253E27F6002BD1BA;
			packageReferences = (
				CF1BDE6E2540AC4C002FA236 /* XCRemoteSwiftPackageReference "CloudKitMagicCRUD" */,
			);
			productRefGroup = CFFE896A253E27F6002BD1BA /* Products */;
			projectDirPath = "";
			projectRoot = "";
			targets = (
				CFFE8968253E27F6002BD1BA /* Eyes */,
				CFFE897E253E27F9002BD1BA /* EyesTests */,
				CFFE8989253E27F9002BD1BA /* EyesUITests */,
			);
		};
/* End PBXProject section */

/* Begin PBXResourcesBuildPhase section */
		CFFE8967253E27F6002BD1BA /* Resources */ = {
			isa = PBXResourcesBuildPhase;
			buildActionMask = 2147483647;
			files = (
				CFFE89B4253E281F002BD1BA /* search_movie.json in Resources */,
				CFFE8979253E27F9002BD1BA /* LaunchScreen.storyboard in Resources */,
				71EA479F255320630072A74A /* OBItem.xib in Resources */,
				CFFE89B3253E281F002BD1BA /* movie_info.json in Resources */,
				CFE476172551FAE30053B5BA /* Localizable.strings in Resources */,
				CFFE8976253E27F9002BD1BA /* Assets.xcassets in Resources */,
				CFFE89B2253E281F002BD1BA /* movie_list.json in Resources */,
				CFFE8974253E27F6002BD1BA /* Main.storyboard in Resources */,
				CF42BDB125545B1E00A84447 /* OnBoarding.storyboard in Resources */,
			);
			runOnlyForDeploymentPostprocessing = 0;
		};
		CFFE897D253E27F9002BD1BA /* Resources */ = {
			isa = PBXResourcesBuildPhase;
			buildActionMask = 2147483647;
			files = (
			);
			runOnlyForDeploymentPostprocessing = 0;
		};
		CFFE8988253E27F9002BD1BA /* Resources */ = {
			isa = PBXResourcesBuildPhase;
			buildActionMask = 2147483647;
			files = (
			);
			runOnlyForDeploymentPostprocessing = 0;
		};
/* End PBXResourcesBuildPhase section */

/* Begin PBXSourcesBuildPhase section */
		CFFE8965253E27F6002BD1BA /* Sources */ = {
			isa = PBXSourcesBuildPhase;
			buildActionMask = 2147483647;
			files = (
				CF907E22253F308100124BB5 /* DAO.swift in Sources */,
				CFFE89A6253E2815002BD1BA /* ImageLoader.swift in Sources */,
				CF5F1E1C25C090AC001F76CD /* MovieListTableViewCell.swift in Sources */,
				CFFE89A5253E2815002BD1BA /* MovieSearchState.swift in Sources */,
				CFB73C532559C4B000F7B7C9 /* CarouselPageVC.swift in Sources */,
				CF424FA82546352000C85A37 /* ChooseTagsCollectionViewCell.swift in Sources */,
				CF5A8648255C762E00DDE395 /* AboutDevTeamVC.swift in Sources */,
				CFAE47E42541FFF700244D74 /* ConfirmationButton.swift in Sources */,
				716A0E3025BA07B900BDB23C /* InsideTagsCollectionViewCell2.swift in Sources */,
				CF48B05425605FC800A5D1AB /* Alert.swift in Sources */,
				CFE0215125C1B322004E7B7F /* Sections.swift in Sources */,
				CFAE47DF2541FE3700244D74 /* BechdelTestViewController.swift in Sources */,
				CF12DB15257BEDE9009DFDD8 /* TabBarController.swift in Sources */,
				CF1BDE752540B0BD002FA236 /* Tag.swift in Sources */,
				7133677C2541F4A9005919E8 /* CarouselItemView.swift in Sources */,
				71EA47A4255321BA0072A74A /* OBItem.swift in Sources */,
				CF58120B25757791001C08BD /* SearchTableViewCell.swift in Sources */,
				CF033A3125642EF900740FC9 /* CloudKitViewController.swift in Sources */,
				CFFE89BC253E2829002BD1BA /* Movie.swift in Sources */,
				71EA47A9255323AC0072A74A /* OBPageViewController.swift in Sources */,
				CFAE47B52541CB8700244D74 /* Buttons.swift in Sources */,
				71EA47B425533F660072A74A /* OBViewController.swift in Sources */,
				CF9ACCE12548923700AA4F33 /* MovieLoadingDetailState.swift in Sources */,
				CF846D90254350C700BBC7D3 /* MyMovies.swift in Sources */,
				CFFE8971253E27F6002BD1BA /* ViewController.swift in Sources */,
				CF09B0092562E3AA00645FAC /* ShareImage.swift in Sources */,
				CFFE89BF253E2829002BD1BA /* MovieStore.swift in Sources */,
				716A0E0E25B76BA000BDB23C /* MovieDetailsViewController2.swift in Sources */,
				CF424FA325462EFB00C85A37 /* TagButton.swift in Sources */,
				CFFE89BD253E2829002BD1BA /* MovieService.swift in Sources */,
				CF5F1E2125C091B4001F76CD /* MovieItemCollectionViewCell.swift in Sources */,
				CFFE89BE253E2829002BD1BA /* Movie+Stub.swift in Sources */,
				716A0E1D25B7866E00BDB23C /* TagsTableViewCell2.swift in Sources */,
				716A0E2225B786A100BDB23C /* CastListTableViewCell2.swift in Sources */,
				716A0E0625B61A9A00BDB23C /* CatalogueViewController2.swift in Sources */,
				CF428AC1254B30DF00DD25A5 /* AboutDetailsVC.swift in Sources */,
				CF9ACCE92548AAD000AA4F33 /* AboutBechdelTestVC.swift in Sources */,
				CFFE89A3253E2815002BD1BA /* MovieDetailState.swift in Sources */,
				CFAE47BE2541CE7900244D74 /* Images.swift in Sources */,
				CF72DC44257A492300D8E252 /* Favorites.swift in Sources */,
				CF5F1E0D25C077F0001F76CD /* UIImageColors.swift in Sources */,
				CFB76C0C254A0F9F00C3C6A1 /* EndReviewViewController.swift in Sources */,
				CF846D7D25422E9000BBC7D3 /* Question.swift in Sources */,
				CFE01211255B27B500F29B6C /* CarouselItemVC.swift in Sources */,
				CFFE89A4253E2815002BD1BA /* MovieListState.swift in Sources */,
				CFB73C352559AB9B00F7B7C9 /* AboutBechdelTableViewCell.swift in Sources */,
				CF846DB02543955E00BBC7D3 /* MovieDetailsViewController.swift in Sources */,
				CF34286E257ABB7000B94443 /* Color.swift in Sources */,
				CF79537B255EBD3100AEF5A8 /* Haptic.swift in Sources */,
				CF5A8640255C736200DDE395 /* AboutDevTeamCollectionViewCell.swift in Sources */,
				CFFE896D253E27F6002BD1BA /* AppDelegate.swift in Sources */,
				CFD17EBD255AB5FA00AF61F6 /* AboutTableViewCell.swift in Sources */,
				CFFE896F253E27F6002BD1BA /* SceneDelegate.swift in Sources */,
				CF846D8B2543504A00BBC7D3 /* TagVotes.swift in Sources */,
				CF5F1E1725C07E89001F76CD /* HeaderHomeTableViewCell.swift in Sources */,
				CF1337ED254B297E00B377C6 /* AboutAppViewController.swift in Sources */,
				711553902578126A0068C0E1 /* FavoritesCell.swift in Sources */,
				CF5811F225755F02001C08BD /* SearchViewController.swift in Sources */,
				716A0E1825B7846D00BDB23C /* OverviewTableViewCell2.swift in Sources */,
				CF5F1E1225C07C7F001F76CD /* HomeViewController.swift in Sources */,
				7184A569255B4D180078CDBA /* CarouselTagCell.swift in Sources */,
				71FD85AE25C1F2FF00FC7D9E /* CastCVCell2.swift in Sources */,
				CF38469725814AED0057C004 /* ActivityController.swift in Sources */,
				713367722541F2A5005919E8 /* CatalogueViewController.swift in Sources */,
				7115538225780B450068C0E1 /* FavoritesViewController.swift in Sources */,
				CFFE89AB253E2819002BD1BA /* Utils.swift in Sources */,
				CF846DAF2543955E00BBC7D3 /* MoviesCollectionViewCell.swift in Sources */,
				CF48B04F25605E8D00A5D1AB /* Constants.swift in Sources */,
				716A0E1325B781AB00BDB23C /* HeaderTableViewCell2.swift in Sources */,
				CF3D56D62576C4080014B8D5 /* NavigationBar.swift in Sources */,
			);
			runOnlyForDeploymentPostprocessing = 0;
		};
		CFFE897B253E27F9002BD1BA /* Sources */ = {
			isa = PBXSourcesBuildPhase;
			buildActionMask = 2147483647;
			files = (
				CFFE8984253E27F9002BD1BA /* EyesTests.swift in Sources */,
			);
			runOnlyForDeploymentPostprocessing = 0;
		};
		CFFE8986253E27F9002BD1BA /* Sources */ = {
			isa = PBXSourcesBuildPhase;
			buildActionMask = 2147483647;
			files = (
				CFFE898F253E27F9002BD1BA /* EyesUITests.swift in Sources */,
			);
			runOnlyForDeploymentPostprocessing = 0;
		};
/* End PBXSourcesBuildPhase section */

/* Begin PBXTargetDependency section */
		CFFE8981253E27F9002BD1BA /* PBXTargetDependency */ = {
			isa = PBXTargetDependency;
			target = CFFE8968253E27F6002BD1BA /* Eyes */;
			targetProxy = CFFE8980253E27F9002BD1BA /* PBXContainerItemProxy */;
		};
		CFFE898C253E27F9002BD1BA /* PBXTargetDependency */ = {
			isa = PBXTargetDependency;
			target = CFFE8968253E27F6002BD1BA /* Eyes */;
			targetProxy = CFFE898B253E27F9002BD1BA /* PBXContainerItemProxy */;
		};
/* End PBXTargetDependency section */

/* Begin PBXVariantGroup section */
		CF42BDB325545B1E00A84447 /* OnBoarding.storyboard */ = {
			isa = PBXVariantGroup;
			children = (
				CF42BDB225545B1E00A84447 /* Base */,
				CF42BDB825545B2200A84447 /* en */,
				CF8994BF25545B6E00693C26 /* pt-BR */,
			);
			name = OnBoarding.storyboard;
			sourceTree = "<group>";
		};
		CFE476192551FAE30053B5BA /* Localizable.strings */ = {
			isa = PBXVariantGroup;
			children = (
				CFE476182551FAE30053B5BA /* en */,
				CFE4761D2551FAE50053B5BA /* pt-BR */,
			);
			name = Localizable.strings;
			sourceTree = "<group>";
		};
		CFFE8972253E27F6002BD1BA /* Main.storyboard */ = {
			isa = PBXVariantGroup;
			children = (
				CFFE8973253E27F6002BD1BA /* Base */,
				CFE476052551F8A60053B5BA /* pt-BR */,
			);
			name = Main.storyboard;
			sourceTree = "<group>";
		};
		CFFE8977253E27F9002BD1BA /* LaunchScreen.storyboard */ = {
			isa = PBXVariantGroup;
			children = (
				CFFE8978253E27F9002BD1BA /* Base */,
				CFE476062551F8A70053B5BA /* pt-BR */,
			);
			name = LaunchScreen.storyboard;
			sourceTree = "<group>";
		};
/* End PBXVariantGroup section */

/* Begin XCBuildConfiguration section */
		CFFE8991253E27F9002BD1BA /* Debug */ = {
			isa = XCBuildConfiguration;
			buildSettings = {
				ALWAYS_SEARCH_USER_PATHS = NO;
				CLANG_ANALYZER_LOCALIZABILITY_NONLOCALIZED = YES;
				CLANG_ANALYZER_NONNULL = YES;
				CLANG_ANALYZER_NUMBER_OBJECT_CONVERSION = YES_AGGRESSIVE;
				CLANG_CXX_LANGUAGE_STANDARD = "gnu++14";
				CLANG_CXX_LIBRARY = "libc++";
				CLANG_ENABLE_MODULES = YES;
				CLANG_ENABLE_OBJC_ARC = YES;
				CLANG_ENABLE_OBJC_WEAK = YES;
				CLANG_WARN_BLOCK_CAPTURE_AUTORELEASING = YES;
				CLANG_WARN_BOOL_CONVERSION = YES;
				CLANG_WARN_COMMA = YES;
				CLANG_WARN_CONSTANT_CONVERSION = YES;
				CLANG_WARN_DEPRECATED_OBJC_IMPLEMENTATIONS = YES;
				CLANG_WARN_DIRECT_OBJC_ISA_USAGE = YES_ERROR;
				CLANG_WARN_DOCUMENTATION_COMMENTS = YES;
				CLANG_WARN_EMPTY_BODY = YES;
				CLANG_WARN_ENUM_CONVERSION = YES;
				CLANG_WARN_INFINITE_RECURSION = YES;
				CLANG_WARN_INT_CONVERSION = YES;
				CLANG_WARN_NON_LITERAL_NULL_CONVERSION = YES;
				CLANG_WARN_OBJC_IMPLICIT_RETAIN_SELF = YES;
				CLANG_WARN_OBJC_LITERAL_CONVERSION = YES;
				CLANG_WARN_OBJC_ROOT_CLASS = YES_ERROR;
				CLANG_WARN_QUOTED_INCLUDE_IN_FRAMEWORK_HEADER = YES;
				CLANG_WARN_RANGE_LOOP_ANALYSIS = YES;
				CLANG_WARN_STRICT_PROTOTYPES = YES;
				CLANG_WARN_SUSPICIOUS_MOVE = YES;
				CLANG_WARN_UNGUARDED_AVAILABILITY = YES_AGGRESSIVE;
				CLANG_WARN_UNREACHABLE_CODE = YES;
				CLANG_WARN__DUPLICATE_METHOD_MATCH = YES;
				COPY_PHASE_STRIP = NO;
				DEBUG_INFORMATION_FORMAT = dwarf;
				ENABLE_STRICT_OBJC_MSGSEND = YES;
				ENABLE_TESTABILITY = YES;
				GCC_C_LANGUAGE_STANDARD = gnu11;
				GCC_DYNAMIC_NO_PIC = NO;
				GCC_NO_COMMON_BLOCKS = YES;
				GCC_OPTIMIZATION_LEVEL = 0;
				GCC_PREPROCESSOR_DEFINITIONS = (
					"DEBUG=1",
					"$(inherited)",
				);
				GCC_WARN_64_TO_32_BIT_CONVERSION = YES;
				GCC_WARN_ABOUT_RETURN_TYPE = YES_ERROR;
				GCC_WARN_UNDECLARED_SELECTOR = YES;
				GCC_WARN_UNINITIALIZED_AUTOS = YES_AGGRESSIVE;
				GCC_WARN_UNUSED_FUNCTION = YES;
				GCC_WARN_UNUSED_VARIABLE = YES;
				IPHONEOS_DEPLOYMENT_TARGET = 14.0;
				MTL_ENABLE_DEBUG_INFO = INCLUDE_SOURCE;
				MTL_FAST_MATH = YES;
				ONLY_ACTIVE_ARCH = YES;
				SDKROOT = iphoneos;
				SWIFT_ACTIVE_COMPILATION_CONDITIONS = DEBUG;
				SWIFT_OPTIMIZATION_LEVEL = "-Onone";
			};
			name = Debug;
		};
		CFFE8992253E27F9002BD1BA /* Release */ = {
			isa = XCBuildConfiguration;
			buildSettings = {
				ALWAYS_SEARCH_USER_PATHS = NO;
				CLANG_ANALYZER_LOCALIZABILITY_NONLOCALIZED = YES;
				CLANG_ANALYZER_NONNULL = YES;
				CLANG_ANALYZER_NUMBER_OBJECT_CONVERSION = YES_AGGRESSIVE;
				CLANG_CXX_LANGUAGE_STANDARD = "gnu++14";
				CLANG_CXX_LIBRARY = "libc++";
				CLANG_ENABLE_MODULES = YES;
				CLANG_ENABLE_OBJC_ARC = YES;
				CLANG_ENABLE_OBJC_WEAK = YES;
				CLANG_WARN_BLOCK_CAPTURE_AUTORELEASING = YES;
				CLANG_WARN_BOOL_CONVERSION = YES;
				CLANG_WARN_COMMA = YES;
				CLANG_WARN_CONSTANT_CONVERSION = YES;
				CLANG_WARN_DEPRECATED_OBJC_IMPLEMENTATIONS = YES;
				CLANG_WARN_DIRECT_OBJC_ISA_USAGE = YES_ERROR;
				CLANG_WARN_DOCUMENTATION_COMMENTS = YES;
				CLANG_WARN_EMPTY_BODY = YES;
				CLANG_WARN_ENUM_CONVERSION = YES;
				CLANG_WARN_INFINITE_RECURSION = YES;
				CLANG_WARN_INT_CONVERSION = YES;
				CLANG_WARN_NON_LITERAL_NULL_CONVERSION = YES;
				CLANG_WARN_OBJC_IMPLICIT_RETAIN_SELF = YES;
				CLANG_WARN_OBJC_LITERAL_CONVERSION = YES;
				CLANG_WARN_OBJC_ROOT_CLASS = YES_ERROR;
				CLANG_WARN_QUOTED_INCLUDE_IN_FRAMEWORK_HEADER = YES;
				CLANG_WARN_RANGE_LOOP_ANALYSIS = YES;
				CLANG_WARN_STRICT_PROTOTYPES = YES;
				CLANG_WARN_SUSPICIOUS_MOVE = YES;
				CLANG_WARN_UNGUARDED_AVAILABILITY = YES_AGGRESSIVE;
				CLANG_WARN_UNREACHABLE_CODE = YES;
				CLANG_WARN__DUPLICATE_METHOD_MATCH = YES;
				COPY_PHASE_STRIP = NO;
				DEBUG_INFORMATION_FORMAT = "dwarf-with-dsym";
				ENABLE_NS_ASSERTIONS = NO;
				ENABLE_STRICT_OBJC_MSGSEND = YES;
				GCC_C_LANGUAGE_STANDARD = gnu11;
				GCC_NO_COMMON_BLOCKS = YES;
				GCC_WARN_64_TO_32_BIT_CONVERSION = YES;
				GCC_WARN_ABOUT_RETURN_TYPE = YES_ERROR;
				GCC_WARN_UNDECLARED_SELECTOR = YES;
				GCC_WARN_UNINITIALIZED_AUTOS = YES_AGGRESSIVE;
				GCC_WARN_UNUSED_FUNCTION = YES;
				GCC_WARN_UNUSED_VARIABLE = YES;
				IPHONEOS_DEPLOYMENT_TARGET = 14.0;
				MTL_ENABLE_DEBUG_INFO = NO;
				MTL_FAST_MATH = YES;
				SDKROOT = iphoneos;
				SWIFT_COMPILATION_MODE = wholemodule;
				SWIFT_OPTIMIZATION_LEVEL = "-O";
				VALIDATE_PRODUCT = YES;
			};
			name = Release;
		};
		CFFE8994253E27F9002BD1BA /* Debug */ = {
			isa = XCBuildConfiguration;
			buildSettings = {
				ASSETCATALOG_COMPILER_APPICON_NAME = AppIcon;
				ASSETCATALOG_COMPILER_GLOBAL_ACCENT_COLOR_NAME = AccentColor;
				CODE_SIGN_ENTITLEMENTS = Eyes/Eyes.entitlements;
				CODE_SIGN_STYLE = Automatic;
				CURRENT_PROJECT_VERSION = 6;
				DEVELOPMENT_TEAM = 83KH3JF2CE;
				INFOPLIST_FILE = Eyes/Info.plist;
				IPHONEOS_DEPLOYMENT_TARGET = 13.0;
				LD_RUNPATH_SEARCH_PATHS = (
					"$(inherited)",
					"@executable_path/Frameworks",
				);
				MARKETING_VERSION = 2.0;
				PRODUCT_BUNDLE_IDENTIFIER = com.app.eyesapp;
				PRODUCT_NAME = "$(TARGET_NAME)";
				SWIFT_VERSION = 5.0;
				TARGETED_DEVICE_FAMILY = "1,2";
			};
			name = Debug;
		};
		CFFE8995253E27F9002BD1BA /* Release */ = {
			isa = XCBuildConfiguration;
			buildSettings = {
				ASSETCATALOG_COMPILER_APPICON_NAME = AppIcon;
				ASSETCATALOG_COMPILER_GLOBAL_ACCENT_COLOR_NAME = AccentColor;
				CODE_SIGN_ENTITLEMENTS = Eyes/Eyes.entitlements;
				CODE_SIGN_STYLE = Automatic;
				CURRENT_PROJECT_VERSION = 6;
				DEVELOPMENT_TEAM = 83KH3JF2CE;
				INFOPLIST_FILE = Eyes/Info.plist;
				IPHONEOS_DEPLOYMENT_TARGET = 13.0;
				LD_RUNPATH_SEARCH_PATHS = (
					"$(inherited)",
					"@executable_path/Frameworks",
				);
				MARKETING_VERSION = 2.0;
				PRODUCT_BUNDLE_IDENTIFIER = com.app.eyesapp;
				PRODUCT_NAME = "$(TARGET_NAME)";
				SWIFT_VERSION = 5.0;
				TARGETED_DEVICE_FAMILY = "1,2";
			};
			name = Release;
		};
		CFFE8997253E27F9002BD1BA /* Debug */ = {
			isa = XCBuildConfiguration;
			buildSettings = {
				ALWAYS_EMBED_SWIFT_STANDARD_LIBRARIES = YES;
				BUNDLE_LOADER = "$(TEST_HOST)";
				CODE_SIGN_STYLE = Automatic;
				DEVELOPMENT_TEAM = 83KH3JF2CE;
				INFOPLIST_FILE = EyesTests/Info.plist;
				IPHONEOS_DEPLOYMENT_TARGET = 14.0;
				LD_RUNPATH_SEARCH_PATHS = (
					"$(inherited)",
					"@executable_path/Frameworks",
					"@loader_path/Frameworks",
				);
				PRODUCT_BUNDLE_IDENTIFIER = com.app.EyesTests;
				PRODUCT_NAME = "$(TARGET_NAME)";
				SWIFT_VERSION = 5.0;
				TARGETED_DEVICE_FAMILY = "1,2";
				TEST_HOST = "$(BUILT_PRODUCTS_DIR)/Eyes.app/Eyes";
			};
			name = Debug;
		};
		CFFE8998253E27F9002BD1BA /* Release */ = {
			isa = XCBuildConfiguration;
			buildSettings = {
				ALWAYS_EMBED_SWIFT_STANDARD_LIBRARIES = YES;
				BUNDLE_LOADER = "$(TEST_HOST)";
				CODE_SIGN_STYLE = Automatic;
				DEVELOPMENT_TEAM = 83KH3JF2CE;
				INFOPLIST_FILE = EyesTests/Info.plist;
				IPHONEOS_DEPLOYMENT_TARGET = 14.0;
				LD_RUNPATH_SEARCH_PATHS = (
					"$(inherited)",
					"@executable_path/Frameworks",
					"@loader_path/Frameworks",
				);
				PRODUCT_BUNDLE_IDENTIFIER = com.app.EyesTests;
				PRODUCT_NAME = "$(TARGET_NAME)";
				SWIFT_VERSION = 5.0;
				TARGETED_DEVICE_FAMILY = "1,2";
				TEST_HOST = "$(BUILT_PRODUCTS_DIR)/Eyes.app/Eyes";
			};
			name = Release;
		};
		CFFE899A253E27F9002BD1BA /* Debug */ = {
			isa = XCBuildConfiguration;
			buildSettings = {
				ALWAYS_EMBED_SWIFT_STANDARD_LIBRARIES = YES;
				CODE_SIGN_STYLE = Automatic;
				DEVELOPMENT_TEAM = 83KH3JF2CE;
				INFOPLIST_FILE = EyesUITests/Info.plist;
				LD_RUNPATH_SEARCH_PATHS = (
					"$(inherited)",
					"@executable_path/Frameworks",
					"@loader_path/Frameworks",
				);
				PRODUCT_BUNDLE_IDENTIFIER = com.app.EyesUITests;
				PRODUCT_NAME = "$(TARGET_NAME)";
				SWIFT_VERSION = 5.0;
				TARGETED_DEVICE_FAMILY = "1,2";
				TEST_TARGET_NAME = Eyes;
			};
			name = Debug;
		};
		CFFE899B253E27F9002BD1BA /* Release */ = {
			isa = XCBuildConfiguration;
			buildSettings = {
				ALWAYS_EMBED_SWIFT_STANDARD_LIBRARIES = YES;
				CODE_SIGN_STYLE = Automatic;
				DEVELOPMENT_TEAM = 83KH3JF2CE;
				INFOPLIST_FILE = EyesUITests/Info.plist;
				LD_RUNPATH_SEARCH_PATHS = (
					"$(inherited)",
					"@executable_path/Frameworks",
					"@loader_path/Frameworks",
				);
				PRODUCT_BUNDLE_IDENTIFIER = com.app.EyesUITests;
				PRODUCT_NAME = "$(TARGET_NAME)";
				SWIFT_VERSION = 5.0;
				TARGETED_DEVICE_FAMILY = "1,2";
				TEST_TARGET_NAME = Eyes;
			};
			name = Release;
		};
/* End XCBuildConfiguration section */

/* Begin XCConfigurationList section */
		CFFE8964253E27F6002BD1BA /* Build configuration list for PBXProject "Eyes" */ = {
			isa = XCConfigurationList;
			buildConfigurations = (
				CFFE8991253E27F9002BD1BA /* Debug */,
				CFFE8992253E27F9002BD1BA /* Release */,
			);
			defaultConfigurationIsVisible = 0;
			defaultConfigurationName = Release;
		};
		CFFE8993253E27F9002BD1BA /* Build configuration list for PBXNativeTarget "Eyes" */ = {
			isa = XCConfigurationList;
			buildConfigurations = (
				CFFE8994253E27F9002BD1BA /* Debug */,
				CFFE8995253E27F9002BD1BA /* Release */,
			);
			defaultConfigurationIsVisible = 0;
			defaultConfigurationName = Release;
		};
		CFFE8996253E27F9002BD1BA /* Build configuration list for PBXNativeTarget "EyesTests" */ = {
			isa = XCConfigurationList;
			buildConfigurations = (
				CFFE8997253E27F9002BD1BA /* Debug */,
				CFFE8998253E27F9002BD1BA /* Release */,
			);
			defaultConfigurationIsVisible = 0;
			defaultConfigurationName = Release;
		};
		CFFE8999253E27F9002BD1BA /* Build configuration list for PBXNativeTarget "EyesUITests" */ = {
			isa = XCConfigurationList;
			buildConfigurations = (
				CFFE899A253E27F9002BD1BA /* Debug */,
				CFFE899B253E27F9002BD1BA /* Release */,
			);
			defaultConfigurationIsVisible = 0;
			defaultConfigurationName = Release;
		};
/* End XCConfigurationList section */

/* Begin XCRemoteSwiftPackageReference section */
		CF1BDE6E2540AC4C002FA236 /* XCRemoteSwiftPackageReference "CloudKitMagicCRUD" */ = {
			isa = XCRemoteSwiftPackageReference;
			repositoryURL = "https://github.com/rvenieris/CloudKitMagicCRUD";
			requirement = {
				branch = master;
				kind = branch;
			};
		};
/* End XCRemoteSwiftPackageReference section */

/* Begin XCSwiftPackageProductDependency section */
		CF1BDE6F2540AC4C002FA236 /* CloudKitMagicCRUD */ = {
			isa = XCSwiftPackageProductDependency;
			package = CF1BDE6E2540AC4C002FA236 /* XCRemoteSwiftPackageReference "CloudKitMagicCRUD" */;
			productName = CloudKitMagicCRUD;
		};
/* End XCSwiftPackageProductDependency section */
	};
	rootObject = CFFE8961253E27F6002BD1BA /* Project object */;
}
